
Microsoft Visual Studio Solution File, Format Version 12.00
# Visual Studio Version 17
VisualStudioVersion = 17.13.35913.81 d17.13
MinimumVisualStudioVersion = 10.0.40219.1
Project("{FAE04EC0-301F-11D3-BF4B-00C04F79EFBC}") = "Organizer", "Organizer.csproj", "{00E27779-B59B-431E-9EEE-028440FBB794}"
EndProject
Global
	GlobalSection(SolutionConfigurationPlatforms) = preSolution
		Debug|Any CPU = Debug|Any CPU
		Release|Any CPU = Release|Any CPU
	EndGlobalSection
	GlobalSection(ProjectConfigurationPlatforms) = postSolution
		{00E27779-B59B-431E-9EEE-028440FBB794}.Debug|Any CPU.ActiveCfg = Debug|Any CPU
		{00E27779-B59B-431E-9EEE-028440FBB794}.Debug|Any CPU.Build.0 = Debug|Any CPU
		{00E27779-B59B-431E-9EEE-028440FBB794}.Release|Any CPU.ActiveCfg = Release|Any CPU
		{00E27779-B59B-431E-9EEE-028440FBB794}.Release|Any CPU.Build.0 = Release|Any CPU
	EndGlobalSection
	GlobalSection(SolutionProperties) = preSolution
		HideSolutionNode = FALSE
	EndGlobalSection
	GlobalSection(ExtensibilityGlobals) = postSolution
		SolutionGuid = {2CA31E6A-F89B-4A8C-8CE3-6E456E31D9EB}
	EndGlobalSection
EndGlobal
